
Microsoft Visual Studio Solution File, Format Version 12.00
# Visual Studio 14
VisualStudioVersion = 14.0.25420.1
MinimumVisualStudioVersion = 10.0.40219.1
Project("{FAE04EC0-301F-11D3-BF4B-00C04F79EFBC}") = "cattletracker_app.Droid", "cattletracker_app\cattletracker_app.Droid\cattletracker_app.Droid.csproj", "{4D2B10AF-7B4B-4B93-B310-648E3A0D2671}"
EndProject
Project("{FAE04EC0-301F-11D3-BF4B-00C04F79EFBC}") = "cattletracker_app.iOS", "cattletracker_app\cattletracker_app.iOS\cattletracker_app.iOS.csproj", "{AA7668D9-94A8-42EF-9FB3-A8EB01D4F86C}"
EndProject
Project("{FAE04EC0-301F-11D3-BF4B-00C04F79EFBC}") = "cattletracker_app.WinPhone", "cattletracker_app\cattletracker_app.WinPhone\cattletracker_app.WinPhone.csproj", "{6F90199F-9D47-4EF4-96F2-7E1A1B6D8AB6}"
EndProject
Project("{FAE04EC0-301F-11D3-BF4B-00C04F79EFBC}") = "cattletracker_app.UWP", "cattletracker_app\cattletracker_app.UWP\cattletracker_app.UWP.csproj", "{2F19CB86-BE02-4FE5-A18F-60450FE5785A}"
EndProject
Project("{FAE04EC0-301F-11D3-BF4B-00C04F79EFBC}") = "cattletracker_app.Windows", "cattletracker_app\cattletracker_app.Windows\cattletracker_app.Windows.csproj", "{06680845-064F-4A0F-B1E4-C2CB95A6C648}"
EndProject
Project("{FAE04EC0-301F-11D3-BF4B-00C04F79EFBC}") = "cattletracker_app", "cattletracker_app\cattletracker_app\cattletracker_app.csproj", "{78DCE321-527A-45FF-B3F8-AE9D3F8DDDD4}"
EndProject
Global
	GlobalSection(SolutionConfigurationPlatforms) = preSolution
		Ad-Hoc|Any CPU = Ad-Hoc|Any CPU
		Ad-Hoc|ARM = Ad-Hoc|ARM
		Ad-Hoc|iPhone = Ad-Hoc|iPhone
		Ad-Hoc|iPhoneSimulator = Ad-Hoc|iPhoneSimulator
		Ad-Hoc|x64 = Ad-Hoc|x64
		Ad-Hoc|x86 = Ad-Hoc|x86
		AppStore|Any CPU = AppStore|Any CPU
		AppStore|ARM = AppStore|ARM
		AppStore|iPhone = AppStore|iPhone
		AppStore|iPhoneSimulator = AppStore|iPhoneSimulator
		AppStore|x64 = AppStore|x64
		AppStore|x86 = AppStore|x86
		Debug|Any CPU = Debug|Any CPU
		Debug|ARM = Debug|ARM
		Debug|iPhone = Debug|iPhone
		Debug|iPhoneSimulator = Debug|iPhoneSimulator
		Debug|x64 = Debug|x64
		Debug|x86 = Debug|x86
		Release|Any CPU = Release|Any CPU
		Release|ARM = Release|ARM
		Release|iPhone = Release|iPhone
		Release|iPhoneSimulator = Release|iPhoneSimulator
		Release|x64 = Release|x64
		Release|x86 = Release|x86
	EndGlobalSection
	GlobalSection(ProjectConfigurationPlatforms) = postSolution
		{4D2B10AF-7B4B-4B93-B310-648E3A0D2671}.Ad-Hoc|Any CPU.ActiveCfg = Release|Any CPU
		{4D2B10AF-7B4B-4B93-B310-648E3A0D2671}.Ad-Hoc|Any CPU.Build.0 = Release|Any CPU
		{4D2B10AF-7B4B-4B93-B310-648E3A0D2671}.Ad-Hoc|Any CPU.Deploy.0 = Release|Any CPU
		{4D2B10AF-7B4B-4B93-B310-648E3A0D2671}.Ad-Hoc|ARM.ActiveCfg = Release|Any CPU
		{4D2B10AF-7B4B-4B93-B310-648E3A0D2671}.Ad-Hoc|ARM.Build.0 = Release|Any CPU
		{4D2B10AF-7B4B-4B93-B310-648E3A0D2671}.Ad-Hoc|ARM.Deploy.0 = Release|Any CPU
		{4D2B10AF-7B4B-4B93-B310-648E3A0D2671}.Ad-Hoc|iPhone.ActiveCfg = Release|Any CPU
		{4D2B10AF-7B4B-4B93-B310-648E3A0D2671}.Ad-Hoc|iPhone.Build.0 = Release|Any CPU
		{4D2B10AF-7B4B-4B93-B310-648E3A0D2671}.Ad-Hoc|iPhone.Deploy.0 = Release|Any CPU
		{4D2B10AF-7B4B-4B93-B310-648E3A0D2671}.Ad-Hoc|iPhoneSimulator.ActiveCfg = Release|Any CPU
		{4D2B10AF-7B4B-4B93-B310-648E3A0D2671}.Ad-Hoc|iPhoneSimulator.Build.0 = Release|Any CPU
		{4D2B10AF-7B4B-4B93-B310-648E3A0D2671}.Ad-Hoc|iPhoneSimulator.Deploy.0 = Release|Any CPU
		{4D2B10AF-7B4B-4B93-B310-648E3A0D2671}.Ad-Hoc|x64.ActiveCfg = Release|Any CPU
		{4D2B10AF-7B4B-4B93-B310-648E3A0D2671}.Ad-Hoc|x64.Build.0 = Release|Any CPU
		{4D2B10AF-7B4B-4B93-B310-648E3A0D2671}.Ad-Hoc|x64.Deploy.0 = Release|Any CPU
		{4D2B10AF-7B4B-4B93-B310-648E3A0D2671}.Ad-Hoc|x86.ActiveCfg = Release|Any CPU
		{4D2B10AF-7B4B-4B93-B310-648E3A0D2671}.Ad-Hoc|x86.Build.0 = Release|Any CPU
		{4D2B10AF-7B4B-4B93-B310-648E3A0D2671}.Ad-Hoc|x86.Deploy.0 = Release|Any CPU
		{4D2B10AF-7B4B-4B93-B310-648E3A0D2671}.AppStore|Any CPU.ActiveCfg = Release|Any CPU
		{4D2B10AF-7B4B-4B93-B310-648E3A0D2671}.AppStore|Any CPU.Build.0 = Release|Any CPU
		{4D2B10AF-7B4B-4B93-B310-648E3A0D2671}.AppStore|Any CPU.Deploy.0 = Release|Any CPU
		{4D2B10AF-7B4B-4B93-B310-648E3A0D2671}.AppStore|ARM.ActiveCfg = Release|Any CPU
		{4D2B10AF-7B4B-4B93-B310-648E3A0D2671}.AppStore|ARM.Build.0 = Release|Any CPU
		{4D2B10AF-7B4B-4B93-B310-648E3A0D2671}.AppStore|ARM.Deploy.0 = Release|Any CPU
		{4D2B10AF-7B4B-4B93-B310-648E3A0D2671}.AppStore|iPhone.ActiveCfg = Release|Any CPU
		{4D2B10AF-7B4B-4B93-B310-648E3A0D2671}.AppStore|iPhone.Build.0 = Release|Any CPU
		{4D2B10AF-7B4B-4B93-B310-648E3A0D2671}.AppStore|iPhone.Deploy.0 = Release|Any CPU
		{4D2B10AF-7B4B-4B93-B310-648E3A0D2671}.AppStore|iPhoneSimulator.ActiveCfg = Release|Any CPU
		{4D2B10AF-7B4B-4B93-B310-648E3A0D2671}.AppStore|iPhoneSimulator.Build.0 = Release|Any CPU
		{4D2B10AF-7B4B-4B93-B310-648E3A0D2671}.AppStore|iPhoneSimulator.Deploy.0 = Release|Any CPU
		{4D2B10AF-7B4B-4B93-B310-648E3A0D2671}.AppStore|x64.ActiveCfg = Release|Any CPU
		{4D2B10AF-7B4B-4B93-B310-648E3A0D2671}.AppStore|x64.Build.0 = Release|Any CPU
		{4D2B10AF-7B4B-4B93-B310-648E3A0D2671}.AppStore|x64.Deploy.0 = Release|Any CPU
		{4D2B10AF-7B4B-4B93-B310-648E3A0D2671}.AppStore|x86.ActiveCfg = Release|Any CPU
		{4D2B10AF-7B4B-4B93-B310-648E3A0D2671}.AppStore|x86.Build.0 = Release|Any CPU
		{4D2B10AF-7B4B-4B93-B310-648E3A0D2671}.AppStore|x86.Deploy.0 = Release|Any CPU
		{4D2B10AF-7B4B-4B93-B310-648E3A0D2671}.Debug|Any CPU.ActiveCfg = Debug|Any CPU
		{4D2B10AF-7B4B-4B93-B310-648E3A0D2671}.Debug|Any CPU.Build.0 = Debug|Any CPU
		{4D2B10AF-7B4B-4B93-B310-648E3A0D2671}.Debug|Any CPU.Deploy.0 = Debug|Any CPU
		{4D2B10AF-7B4B-4B93-B310-648E3A0D2671}.Debug|ARM.ActiveCfg = Debug|Any CPU
		{4D2B10AF-7B4B-4B93-B310-648E3A0D2671}.Debug|ARM.Build.0 = Debug|Any CPU
		{4D2B10AF-7B4B-4B93-B310-648E3A0D2671}.Debug|ARM.Deploy.0 = Debug|Any CPU
		{4D2B10AF-7B4B-4B93-B310-648E3A0D2671}.Debug|iPhone.ActiveCfg = Debug|Any CPU
		{4D2B10AF-7B4B-4B93-B310-648E3A0D2671}.Debug|iPhone.Build.0 = Debug|Any CPU
		{4D2B10AF-7B4B-4B93-B310-648E3A0D2671}.Debug|iPhone.Deploy.0 = Debug|Any CPU
		{4D2B10AF-7B4B-4B93-B310-648E3A0D2671}.Debug|iPhoneSimulator.ActiveCfg = Debug|Any CPU
		{4D2B10AF-7B4B-4B93-B310-648E3A0D2671}.Debug|iPhoneSimulator.Build.0 = Debug|Any CPU
		{4D2B10AF-7B4B-4B93-B310-648E3A0D2671}.Debug|iPhoneSimulator.Deploy.0 = Debug|Any CPU
		{4D2B10AF-7B4B-4B93-B310-648E3A0D2671}.Debug|x64.ActiveCfg = Debug|Any CPU
		{4D2B10AF-7B4B-4B93-B310-648E3A0D2671}.Debug|x64.Build.0 = Debug|Any CPU
		{4D2B10AF-7B4B-4B93-B310-648E3A0D2671}.Debug|x64.Deploy.0 = Debug|Any CPU
		{4D2B10AF-7B4B-4B93-B310-648E3A0D2671}.Debug|x86.ActiveCfg = Debug|Any CPU
		{4D2B10AF-7B4B-4B93-B310-648E3A0D2671}.Debug|x86.Build.0 = Debug|Any CPU
		{4D2B10AF-7B4B-4B93-B310-648E3A0D2671}.Debug|x86.Deploy.0 = Debug|Any CPU
		{4D2B10AF-7B4B-4B93-B310-648E3A0D2671}.Release|Any CPU.ActiveCfg = Release|Any CPU
		{4D2B10AF-7B4B-4B93-B310-648E3A0D2671}.Release|Any CPU.Build.0 = Release|Any CPU
		{4D2B10AF-7B4B-4B93-B310-648E3A0D2671}.Release|Any CPU.Deploy.0 = Release|Any CPU
		{4D2B10AF-7B4B-4B93-B310-648E3A0D2671}.Release|ARM.ActiveCfg = Release|Any CPU
		{4D2B10AF-7B4B-4B93-B310-648E3A0D2671}.Release|ARM.Build.0 = Release|Any CPU
		{4D2B10AF-7B4B-4B93-B310-648E3A0D2671}.Release|ARM.Deploy.0 = Release|Any CPU
		{4D2B10AF-7B4B-4B93-B310-648E3A0D2671}.Release|iPhone.ActiveCfg = Release|Any CPU
		{4D2B10AF-7B4B-4B93-B310-648E3A0D2671}.Release|iPhone.Build.0 = Release|Any CPU
		{4D2B10AF-7B4B-4B93-B310-648E3A0D2671}.Release|iPhone.Deploy.0 = Release|Any CPU
		{4D2B10AF-7B4B-4B93-B310-648E3A0D2671}.Release|iPhoneSimulator.ActiveCfg = Release|Any CPU
		{4D2B10AF-7B4B-4B93-B310-648E3A0D2671}.Release|iPhoneSimulator.Build.0 = Release|Any CPU
		{4D2B10AF-7B4B-4B93-B310-648E3A0D2671}.Release|iPhoneSimulator.Deploy.0 = Release|Any CPU
		{4D2B10AF-7B4B-4B93-B310-648E3A0D2671}.Release|x64.ActiveCfg = Release|Any CPU
		{4D2B10AF-7B4B-4B93-B310-648E3A0D2671}.Release|x64.Build.0 = Release|Any CPU
		{4D2B10AF-7B4B-4B93-B310-648E3A0D2671}.Release|x64.Deploy.0 = Release|Any CPU
		{4D2B10AF-7B4B-4B93-B310-648E3A0D2671}.Release|x86.ActiveCfg = Release|Any CPU
		{4D2B10AF-7B4B-4B93-B310-648E3A0D2671}.Release|x86.Build.0 = Release|Any CPU
		{4D2B10AF-7B4B-4B93-B310-648E3A0D2671}.Release|x86.Deploy.0 = Release|Any CPU
		{AA7668D9-94A8-42EF-9FB3-A8EB01D4F86C}.Ad-Hoc|Any CPU.ActiveCfg = Ad-Hoc|iPhone
		{AA7668D9-94A8-42EF-9FB3-A8EB01D4F86C}.Ad-Hoc|ARM.ActiveCfg = Ad-Hoc|iPhone
		{AA7668D9-94A8-42EF-9FB3-A8EB01D4F86C}.Ad-Hoc|iPhone.ActiveCfg = Ad-Hoc|iPhone
		{AA7668D9-94A8-42EF-9FB3-A8EB01D4F86C}.Ad-Hoc|iPhone.Build.0 = Ad-Hoc|iPhone
		{AA7668D9-94A8-42EF-9FB3-A8EB01D4F86C}.Ad-Hoc|iPhoneSimulator.ActiveCfg = Ad-Hoc|iPhoneSimulator
		{AA7668D9-94A8-42EF-9FB3-A8EB01D4F86C}.Ad-Hoc|iPhoneSimulator.Build.0 = Ad-Hoc|iPhoneSimulator
		{AA7668D9-94A8-42EF-9FB3-A8EB01D4F86C}.Ad-Hoc|x64.ActiveCfg = Ad-Hoc|iPhone
		{AA7668D9-94A8-42EF-9FB3-A8EB01D4F86C}.Ad-Hoc|x86.ActiveCfg = Ad-Hoc|iPhone
		{AA7668D9-94A8-42EF-9FB3-A8EB01D4F86C}.AppStore|Any CPU.ActiveCfg = AppStore|iPhone
		{AA7668D9-94A8-42EF-9FB3-A8EB01D4F86C}.AppStore|ARM.ActiveCfg = AppStore|iPhone
		{AA7668D9-94A8-42EF-9FB3-A8EB01D4F86C}.AppStore|iPhone.ActiveCfg = AppStore|iPhone
		{AA7668D9-94A8-42EF-9FB3-A8EB01D4F86C}.AppStore|iPhone.Build.0 = AppStore|iPhone
		{AA7668D9-94A8-42EF-9FB3-A8EB01D4F86C}.AppStore|iPhoneSimulator.ActiveCfg = AppStore|iPhoneSimulator
		{AA7668D9-94A8-42EF-9FB3-A8EB01D4F86C}.AppStore|iPhoneSimulator.Build.0 = AppStore|iPhoneSimulator
		{AA7668D9-94A8-42EF-9FB3-A8EB01D4F86C}.AppStore|x64.ActiveCfg = AppStore|iPhone
		{AA7668D9-94A8-42EF-9FB3-A8EB01D4F86C}.AppStore|x86.ActiveCfg = AppStore|iPhone
		{AA7668D9-94A8-42EF-9FB3-A8EB01D4F86C}.Debug|Any CPU.ActiveCfg = Debug|iPhone
		{AA7668D9-94A8-42EF-9FB3-A8EB01D4F86C}.Debug|ARM.ActiveCfg = Debug|iPhone
		{AA7668D9-94A8-42EF-9FB3-A8EB01D4F86C}.Debug|iPhone.ActiveCfg = Debug|iPhone
		{AA7668D9-94A8-42EF-9FB3-A8EB01D4F86C}.Debug|iPhone.Build.0 = Debug|iPhone
		{AA7668D9-94A8-42EF-9FB3-A8EB01D4F86C}.Debug|iPhoneSimulator.ActiveCfg = Debug|iPhoneSimulator
		{AA7668D9-94A8-42EF-9FB3-A8EB01D4F86C}.Debug|iPhoneSimulator.Build.0 = Debug|iPhoneSimulator
		{AA7668D9-94A8-42EF-9FB3-A8EB01D4F86C}.Debug|x64.ActiveCfg = Debug|iPhone
		{AA7668D9-94A8-42EF-9FB3-A8EB01D4F86C}.Debug|x86.ActiveCfg = Debug|iPhone
		{AA7668D9-94A8-42EF-9FB3-A8EB01D4F86C}.Release|Any CPU.ActiveCfg = Release|iPhone
		{AA7668D9-94A8-42EF-9FB3-A8EB01D4F86C}.Release|ARM.ActiveCfg = Release|iPhone
		{AA7668D9-94A8-42EF-9FB3-A8EB01D4F86C}.Release|iPhone.ActiveCfg = Release|iPhone
		{AA7668D9-94A8-42EF-9FB3-A8EB01D4F86C}.Release|iPhone.Build.0 = Release|iPhone
		{AA7668D9-94A8-42EF-9FB3-A8EB01D4F86C}.Release|iPhoneSimulator.ActiveCfg = Release|iPhoneSimulator
		{AA7668D9-94A8-42EF-9FB3-A8EB01D4F86C}.Release|iPhoneSimulator.Build.0 = Release|iPhoneSimulator
		{AA7668D9-94A8-42EF-9FB3-A8EB01D4F86C}.Release|x64.ActiveCfg = Release|iPhone
		{AA7668D9-94A8-42EF-9FB3-A8EB01D4F86C}.Release|x86.ActiveCfg = Release|iPhone
		{6F90199F-9D47-4EF4-96F2-7E1A1B6D8AB6}.Ad-Hoc|Any CPU.ActiveCfg = Release|Any CPU
		{6F90199F-9D47-4EF4-96F2-7E1A1B6D8AB6}.Ad-Hoc|Any CPU.Build.0 = Release|Any CPU
		{6F90199F-9D47-4EF4-96F2-7E1A1B6D8AB6}.Ad-Hoc|Any CPU.Deploy.0 = Release|Any CPU
		{6F90199F-9D47-4EF4-96F2-7E1A1B6D8AB6}.Ad-Hoc|ARM.ActiveCfg = Release|ARM
		{6F90199F-9D47-4EF4-96F2-7E1A1B6D8AB6}.Ad-Hoc|ARM.Build.0 = Release|ARM
		{6F90199F-9D47-4EF4-96F2-7E1A1B6D8AB6}.Ad-Hoc|ARM.Deploy.0 = Release|ARM
		{6F90199F-9D47-4EF4-96F2-7E1A1B6D8AB6}.Ad-Hoc|iPhone.ActiveCfg = Release|Any CPU
		{6F90199F-9D47-4EF4-96F2-7E1A1B6D8AB6}.Ad-Hoc|iPhone.Build.0 = Release|Any CPU
		{6F90199F-9D47-4EF4-96F2-7E1A1B6D8AB6}.Ad-Hoc|iPhone.Deploy.0 = Release|Any CPU
		{6F90199F-9D47-4EF4-96F2-7E1A1B6D8AB6}.Ad-Hoc|iPhoneSimulator.ActiveCfg = Release|Any CPU
		{6F90199F-9D47-4EF4-96F2-7E1A1B6D8AB6}.Ad-Hoc|iPhoneSimulator.Build.0 = Release|Any CPU
		{6F90199F-9D47-4EF4-96F2-7E1A1B6D8AB6}.Ad-Hoc|iPhoneSimulator.Deploy.0 = Release|Any CPU
		{6F90199F-9D47-4EF4-96F2-7E1A1B6D8AB6}.Ad-Hoc|x64.ActiveCfg = Release|Any CPU
		{6F90199F-9D47-4EF4-96F2-7E1A1B6D8AB6}.Ad-Hoc|x64.Build.0 = Release|Any CPU
		{6F90199F-9D47-4EF4-96F2-7E1A1B6D8AB6}.Ad-Hoc|x64.Deploy.0 = Release|Any CPU
		{6F90199F-9D47-4EF4-96F2-7E1A1B6D8AB6}.Ad-Hoc|x86.ActiveCfg = Release|x86
		{6F90199F-9D47-4EF4-96F2-7E1A1B6D8AB6}.Ad-Hoc|x86.Build.0 = Release|x86
		{6F90199F-9D47-4EF4-96F2-7E1A1B6D8AB6}.Ad-Hoc|x86.Deploy.0 = Release|x86
		{6F90199F-9D47-4EF4-96F2-7E1A1B6D8AB6}.AppStore|Any CPU.ActiveCfg = Release|Any CPU
		{6F90199F-9D47-4EF4-96F2-7E1A1B6D8AB6}.AppStore|Any CPU.Build.0 = Release|Any CPU
		{6F90199F-9D47-4EF4-96F2-7E1A1B6D8AB6}.AppStore|Any CPU.Deploy.0 = Release|Any CPU
		{6F90199F-9D47-4EF4-96F2-7E1A1B6D8AB6}.AppStore|ARM.ActiveCfg = Release|ARM
		{6F90199F-9D47-4EF4-96F2-7E1A1B6D8AB6}.AppStore|ARM.Build.0 = Release|ARM
		{6F90199F-9D47-4EF4-96F2-7E1A1B6D8AB6}.AppStore|ARM.Deploy.0 = Release|ARM
		{6F90199F-9D47-4EF4-96F2-7E1A1B6D8AB6}.AppStore|iPhone.ActiveCfg = Release|Any CPU
		{6F90199F-9D47-4EF4-96F2-7E1A1B6D8AB6}.AppStore|iPhone.Build.0 = Release|Any CPU
		{6F90199F-9D47-4EF4-96F2-7E1A1B6D8AB6}.AppStore|iPhone.Deploy.0 = Release|Any CPU
		{6F90199F-9D47-4EF4-96F2-7E1A1B6D8AB6}.AppStore|iPhoneSimulator.ActiveCfg = Release|Any CPU
		{6F90199F-9D47-4EF4-96F2-7E1A1B6D8AB6}.AppStore|iPhoneSimulator.Build.0 = Release|Any CPU
		{6F90199F-9D47-4EF4-96F2-7E1A1B6D8AB6}.AppStore|iPhoneSimulator.Deploy.0 = Release|Any CPU
		{6F90199F-9D47-4EF4-96F2-7E1A1B6D8AB6}.AppStore|x64.ActiveCfg = Release|Any CPU
		{6F90199F-9D47-4EF4-96F2-7E1A1B6D8AB6}.AppStore|x64.Build.0 = Release|Any CPU
		{6F90199F-9D47-4EF4-96F2-7E1A1B6D8AB6}.AppStore|x64.Deploy.0 = Release|Any CPU
		{6F90199F-9D47-4EF4-96F2-7E1A1B6D8AB6}.AppStore|x86.ActiveCfg = Release|x86
		{6F90199F-9D47-4EF4-96F2-7E1A1B6D8AB6}.AppStore|x86.Build.0 = Release|x86
		{6F90199F-9D47-4EF4-96F2-7E1A1B6D8AB6}.AppStore|x86.Deploy.0 = Release|x86
		{6F90199F-9D47-4EF4-96F2-7E1A1B6D8AB6}.Debug|Any CPU.ActiveCfg = Debug|Any CPU
		{6F90199F-9D47-4EF4-96F2-7E1A1B6D8AB6}.Debug|Any CPU.Build.0 = Debug|Any CPU
		{6F90199F-9D47-4EF4-96F2-7E1A1B6D8AB6}.Debug|Any CPU.Deploy.0 = Debug|Any CPU
		{6F90199F-9D47-4EF4-96F2-7E1A1B6D8AB6}.Debug|ARM.ActiveCfg = Debug|ARM
		{6F90199F-9D47-4EF4-96F2-7E1A1B6D8AB6}.Debug|ARM.Build.0 = Debug|ARM
		{6F90199F-9D47-4EF4-96F2-7E1A1B6D8AB6}.Debug|ARM.Deploy.0 = Debug|ARM
		{6F90199F-9D47-4EF4-96F2-7E1A1B6D8AB6}.Debug|iPhone.ActiveCfg = Debug|Any CPU
		{6F90199F-9D47-4EF4-96F2-7E1A1B6D8AB6}.Debug|iPhone.Build.0 = Debug|Any CPU
		{6F90199F-9D47-4EF4-96F2-7E1A1B6D8AB6}.Debug|iPhone.Deploy.0 = Debug|Any CPU
		{6F90199F-9D47-4EF4-96F2-7E1A1B6D8AB6}.Debug|iPhoneSimulator.ActiveCfg = Debug|Any CPU
		{6F90199F-9D47-4EF4-96F2-7E1A1B6D8AB6}.Debug|iPhoneSimulator.Build.0 = Debug|Any CPU
		{6F90199F-9D47-4EF4-96F2-7E1A1B6D8AB6}.Debug|iPhoneSimulator.Deploy.0 = Debug|Any CPU
		{6F90199F-9D47-4EF4-96F2-7E1A1B6D8AB6}.Debug|x64.ActiveCfg = Debug|Any CPU
		{6F90199F-9D47-4EF4-96F2-7E1A1B6D8AB6}.Debug|x64.Build.0 = Debug|Any CPU
		{6F90199F-9D47-4EF4-96F2-7E1A1B6D8AB6}.Debug|x64.Deploy.0 = Debug|Any CPU
		{6F90199F-9D47-4EF4-96F2-7E1A1B6D8AB6}.Debug|x86.ActiveCfg = Debug|x86
		{6F90199F-9D47-4EF4-96F2-7E1A1B6D8AB6}.Debug|x86.Build.0 = Debug|x86
		{6F90199F-9D47-4EF4-96F2-7E1A1B6D8AB6}.Debug|x86.Deploy.0 = Debug|x86
		{6F90199F-9D47-4EF4-96F2-7E1A1B6D8AB6}.Release|Any CPU.ActiveCfg = Release|Any CPU
		{6F90199F-9D47-4EF4-96F2-7E1A1B6D8AB6}.Release|Any CPU.Build.0 = Release|Any CPU
		{6F90199F-9D47-4EF4-96F2-7E1A1B6D8AB6}.Release|Any CPU.Deploy.0 = Release|Any CPU
		{6F90199F-9D47-4EF4-96F2-7E1A1B6D8AB6}.Release|ARM.ActiveCfg = Release|ARM
		{6F90199F-9D47-4EF4-96F2-7E1A1B6D8AB6}.Release|ARM.Build.0 = Release|ARM
		{6F90199F-9D47-4EF4-96F2-7E1A1B6D8AB6}.Release|ARM.Deploy.0 = Release|ARM
		{6F90199F-9D47-4EF4-96F2-7E1A1B6D8AB6}.Release|iPhone.ActiveCfg = Release|Any CPU
		{6F90199F-9D47-4EF4-96F2-7E1A1B6D8AB6}.Release|iPhone.Build.0 = Release|Any CPU
		{6F90199F-9D47-4EF4-96F2-7E1A1B6D8AB6}.Release|iPhone.Deploy.0 = Release|Any CPU
		{6F90199F-9D47-4EF4-96F2-7E1A1B6D8AB6}.Release|iPhoneSimulator.ActiveCfg = Release|Any CPU
		{6F90199F-9D47-4EF4-96F2-7E1A1B6D8AB6}.Release|iPhoneSimulator.Build.0 = Release|Any CPU
		{6F90199F-9D47-4EF4-96F2-7E1A1B6D8AB6}.Release|iPhoneSimulator.Deploy.0 = Release|Any CPU
		{6F90199F-9D47-4EF4-96F2-7E1A1B6D8AB6}.Release|x64.ActiveCfg = Release|Any CPU
		{6F90199F-9D47-4EF4-96F2-7E1A1B6D8AB6}.Release|x64.Build.0 = Release|Any CPU
		{6F90199F-9D47-4EF4-96F2-7E1A1B6D8AB6}.Release|x64.Deploy.0 = Release|Any CPU
		{6F90199F-9D47-4EF4-96F2-7E1A1B6D8AB6}.Release|x86.ActiveCfg = Release|x86
		{2F19CB86-BE02-4FE5-A18F-60450FE5785A}.Ad-Hoc|Any CPU.ActiveCfg = Release|x86
		{2F19CB86-BE02-4FE5-A18F-60450FE5785A}.Ad-Hoc|Any CPU.Build.0 = Release|x86
		{2F19CB86-BE02-4FE5-A18F-60450FE5785A}.Ad-Hoc|Any CPU.Deploy.0 = Release|x86
		{2F19CB86-BE02-4FE5-A18F-60450FE5785A}.Ad-Hoc|ARM.ActiveCfg = Release|ARM
		{2F19CB86-BE02-4FE5-A18F-60450FE5785A}.Ad-Hoc|ARM.Build.0 = Release|ARM
		{2F19CB86-BE02-4FE5-A18F-60450FE5785A}.Ad-Hoc|ARM.Deploy.0 = Release|ARM
		{2F19CB86-BE02-4FE5-A18F-60450FE5785A}.Ad-Hoc|iPhone.ActiveCfg = Release|x86
		{2F19CB86-BE02-4FE5-A18F-60450FE5785A}.Ad-Hoc|iPhone.Build.0 = Release|x86
		{2F19CB86-BE02-4FE5-A18F-60450FE5785A}.Ad-Hoc|iPhone.Deploy.0 = Release|x86
		{2F19CB86-BE02-4FE5-A18F-60450FE5785A}.Ad-Hoc|iPhoneSimulator.ActiveCfg = Release|x86
		{2F19CB86-BE02-4FE5-A18F-60450FE5785A}.Ad-Hoc|iPhoneSimulator.Build.0 = Release|x86
		{2F19CB86-BE02-4FE5-A18F-60450FE5785A}.Ad-Hoc|iPhoneSimulator.Deploy.0 = Release|x86
		{2F19CB86-BE02-4FE5-A18F-60450FE5785A}.Ad-Hoc|x64.ActiveCfg = Release|x64
		{2F19CB86-BE02-4FE5-A18F-60450FE5785A}.Ad-Hoc|x64.Build.0 = Release|x64
		{2F19CB86-BE02-4FE5-A18F-60450FE5785A}.Ad-Hoc|x64.Deploy.0 = Release|x64
		{2F19CB86-BE02-4FE5-A18F-60450FE5785A}.Ad-Hoc|x86.ActiveCfg = Release|x86
		{2F19CB86-BE02-4FE5-A18F-60450FE5785A}.Ad-Hoc|x86.Build.0 = Release|x86
		{2F19CB86-BE02-4FE5-A18F-60450FE5785A}.Ad-Hoc|x86.Deploy.0 = Release|x86
		{2F19CB86-BE02-4FE5-A18F-60450FE5785A}.AppStore|Any CPU.ActiveCfg = Release|x86
		{2F19CB86-BE02-4FE5-A18F-60450FE5785A}.AppStore|Any CPU.Build.0 = Release|x86
		{2F19CB86-BE02-4FE5-A18F-60450FE5785A}.AppStore|Any CPU.Deploy.0 = Release|x86
		{2F19CB86-BE02-4FE5-A18F-60450FE5785A}.AppStore|ARM.ActiveCfg = Release|ARM
		{2F19CB86-BE02-4FE5-A18F-60450FE5785A}.AppStore|ARM.Build.0 = Release|ARM
		{2F19CB86-BE02-4FE5-A18F-60450FE5785A}.AppStore|ARM.Deploy.0 = Release|ARM
		{2F19CB86-BE02-4FE5-A18F-60450FE5785A}.AppStore|iPhone.ActiveCfg = Release|x86
		{2F19CB86-BE02-4FE5-A18F-60450FE5785A}.AppStore|iPhone.Build.0 = Release|x86
		{2F19CB86-BE02-4FE5-A18F-60450FE5785A}.AppStore|iPhone.Deploy.0 = Release|x86
		{2F19CB86-BE02-4FE5-A18F-60450FE5785A}.AppStore|iPhoneSimulator.ActiveCfg = Release|x86
		{2F19CB86-BE02-4FE5-A18F-60450FE5785A}.AppStore|iPhoneSimulator.Build.0 = Release|x86
		{2F19CB86-BE02-4FE5-A18F-60450FE5785A}.AppStore|iPhoneSimulator.Deploy.0 = Release|x86
		{2F19CB86-BE02-4FE5-A18F-60450FE5785A}.AppStore|x64.ActiveCfg = Release|x64
		{2F19CB86-BE02-4FE5-A18F-60450FE5785A}.AppStore|x64.Build.0 = Release|x64
		{2F19CB86-BE02-4FE5-A18F-60450FE5785A}.AppStore|x64.Deploy.0 = Release|x64
		{2F19CB86-BE02-4FE5-A18F-60450FE5785A}.AppStore|x86.ActiveCfg = Release|x86
		{2F19CB86-BE02-4FE5-A18F-60450FE5785A}.AppStore|x86.Build.0 = Release|x86
		{2F19CB86-BE02-4FE5-A18F-60450FE5785A}.AppStore|x86.Deploy.0 = Release|x86
		{2F19CB86-BE02-4FE5-A18F-60450FE5785A}.Debug|Any CPU.ActiveCfg = Debug|x86
		{2F19CB86-BE02-4FE5-A18F-60450FE5785A}.Debug|ARM.ActiveCfg = Debug|ARM
		{2F19CB86-BE02-4FE5-A18F-60450FE5785A}.Debug|ARM.Build.0 = Debug|ARM
		{2F19CB86-BE02-4FE5-A18F-60450FE5785A}.Debug|ARM.Deploy.0 = Debug|ARM
		{2F19CB86-BE02-4FE5-A18F-60450FE5785A}.Debug|iPhone.ActiveCfg = Debug|x86
		{2F19CB86-BE02-4FE5-A18F-60450FE5785A}.Debug|iPhoneSimulator.ActiveCfg = Debug|x86
		{2F19CB86-BE02-4FE5-A18F-60450FE5785A}.Debug|x64.ActiveCfg = Debug|x64
		{2F19CB86-BE02-4FE5-A18F-60450FE5785A}.Debug|x64.Build.0 = Debug|x64
		{2F19CB86-BE02-4FE5-A18F-60450FE5785A}.Debug|x64.Deploy.0 = Debug|x64
		{2F19CB86-BE02-4FE5-A18F-60450FE5785A}.Debug|x86.ActiveCfg = Debug|x86
		{2F19CB86-BE02-4FE5-A18F-60450FE5785A}.Debug|x86.Build.0 = Debug|x86
		{2F19CB86-BE02-4FE5-A18F-60450FE5785A}.Debug|x86.Deploy.0 = Debug|x86
		{2F19CB86-BE02-4FE5-A18F-60450FE5785A}.Release|Any CPU.ActiveCfg = Release|x86
		{2F19CB86-BE02-4FE5-A18F-60450FE5785A}.Release|ARM.ActiveCfg = Release|ARM
		{2F19CB86-BE02-4FE5-A18F-60450FE5785A}.Release|ARM.Build.0 = Release|ARM
		{2F19CB86-BE02-4FE5-A18F-60450FE5785A}.Release|ARM.Deploy.0 = Release|ARM
		{2F19CB86-BE02-4FE5-A18F-60450FE5785A}.Release|iPhone.ActiveCfg = Release|x86
		{2F19CB86-BE02-4FE5-A18F-60450FE5785A}.Release|iPhoneSimulator.ActiveCfg = Release|x86
		{2F19CB86-BE02-4FE5-A18F-60450FE5785A}.Release|x64.ActiveCfg = Release|x64
		{2F19CB86-BE02-4FE5-A18F-60450FE5785A}.Release|x64.Build.0 = Release|x64
		{2F19CB86-BE02-4FE5-A18F-60450FE5785A}.Release|x64.Deploy.0 = Release|x64
		{2F19CB86-BE02-4FE5-A18F-60450FE5785A}.Release|x86.ActiveCfg = Release|x86
		{2F19CB86-BE02-4FE5-A18F-60450FE5785A}.Release|x86.Build.0 = Release|x86
		{2F19CB86-BE02-4FE5-A18F-60450FE5785A}.Release|x86.Deploy.0 = Release|x86
		{06680845-064F-4A0F-B1E4-C2CB95A6C648}.Ad-Hoc|Any CPU.ActiveCfg = Release|Any CPU
		{06680845-064F-4A0F-B1E4-C2CB95A6C648}.Ad-Hoc|Any CPU.Build.0 = Release|Any CPU
		{06680845-064F-4A0F-B1E4-C2CB95A6C648}.Ad-Hoc|Any CPU.Deploy.0 = Release|Any CPU
		{06680845-064F-4A0F-B1E4-C2CB95A6C648}.Ad-Hoc|ARM.ActiveCfg = Release|ARM
		{06680845-064F-4A0F-B1E4-C2CB95A6C648}.Ad-Hoc|ARM.Build.0 = Release|ARM
		{06680845-064F-4A0F-B1E4-C2CB95A6C648}.Ad-Hoc|ARM.Deploy.0 = Release|ARM
		{06680845-064F-4A0F-B1E4-C2CB95A6C648}.Ad-Hoc|iPhone.ActiveCfg = Release|Any CPU
		{06680845-064F-4A0F-B1E4-C2CB95A6C648}.Ad-Hoc|iPhone.Build.0 = Release|Any CPU
		{06680845-064F-4A0F-B1E4-C2CB95A6C648}.Ad-Hoc|iPhone.Deploy.0 = Release|Any CPU
		{06680845-064F-4A0F-B1E4-C2CB95A6C648}.Ad-Hoc|iPhoneSimulator.ActiveCfg = Release|Any CPU
		{06680845-064F-4A0F-B1E4-C2CB95A6C648}.Ad-Hoc|iPhoneSimulator.Build.0 = Release|Any CPU
		{06680845-064F-4A0F-B1E4-C2CB95A6C648}.Ad-Hoc|iPhoneSimulator.Deploy.0 = Release|Any CPU
		{06680845-064F-4A0F-B1E4-C2CB95A6C648}.Ad-Hoc|x64.ActiveCfg = Release|x64
		{06680845-064F-4A0F-B1E4-C2CB95A6C648}.Ad-Hoc|x64.Build.0 = Release|x64
		{06680845-064F-4A0F-B1E4-C2CB95A6C648}.Ad-Hoc|x64.Deploy.0 = Release|x64
		{06680845-064F-4A0F-B1E4-C2CB95A6C648}.Ad-Hoc|x86.ActiveCfg = Release|x86
		{06680845-064F-4A0F-B1E4-C2CB95A6C648}.Ad-Hoc|x86.Build.0 = Release|x86
		{06680845-064F-4A0F-B1E4-C2CB95A6C648}.Ad-Hoc|x86.Deploy.0 = Release|x86
		{06680845-064F-4A0F-B1E4-C2CB95A6C648}.AppStore|Any CPU.ActiveCfg = Release|Any CPU
		{06680845-064F-4A0F-B1E4-C2CB95A6C648}.AppStore|Any CPU.Build.0 = Release|Any CPU
		{06680845-064F-4A0F-B1E4-C2CB95A6C648}.AppStore|Any CPU.Deploy.0 = Release|Any CPU
		{06680845-064F-4A0F-B1E4-C2CB95A6C648}.AppStore|ARM.ActiveCfg = Release|ARM
		{06680845-064F-4A0F-B1E4-C2CB95A6C648}.AppStore|ARM.Build.0 = Release|ARM
		{06680845-064F-4A0F-B1E4-C2CB95A6C648}.AppStore|ARM.Deploy.0 = Release|ARM
		{06680845-064F-4A0F-B1E4-C2CB95A6C648}.AppStore|iPhone.ActiveCfg = Release|Any CPU
		{06680845-064F-4A0F-B1E4-C2CB95A6C648}.AppStore|iPhone.Build.0 = Release|Any CPU
		{06680845-064F-4A0F-B1E4-C2CB95A6C648}.AppStore|iPhone.Deploy.0 = Release|Any CPU
		{06680845-064F-4A0F-B1E4-C2CB95A6C648}.AppStore|iPhoneSimulator.ActiveCfg = Release|Any CPU
		{06680845-064F-4A0F-B1E4-C2CB95A6C648}.AppStore|iPhoneSimulator.Build.0 = Release|Any CPU
		{06680845-064F-4A0F-B1E4-C2CB95A6C648}.AppStore|iPhoneSimulator.Deploy.0 = Release|Any CPU
		{06680845-064F-4A0F-B1E4-C2CB95A6C648}.AppStore|x64.ActiveCfg = Release|x64
		{06680845-064F-4A0F-B1E4-C2CB95A6C648}.AppStore|x64.Build.0 = Release|x64
		{06680845-064F-4A0F-B1E4-C2CB95A6C648}.AppStore|x64.Deploy.0 = Release|x64
		{06680845-064F-4A0F-B1E4-C2CB95A6C648}.AppStore|x86.ActiveCfg = Release|x86
		{06680845-064F-4A0F-B1E4-C2CB95A6C648}.AppStore|x86.Build.0 = Release|x86
		{06680845-064F-4A0F-B1E4-C2CB95A6C648}.AppStore|x86.Deploy.0 = Release|x86
		{06680845-064F-4A0F-B1E4-C2CB95A6C648}.Debug|Any CPU.ActiveCfg = Debug|Any CPU
		{06680845-064F-4A0F-B1E4-C2CB95A6C648}.Debug|Any CPU.Build.0 = Debug|Any CPU
		{06680845-064F-4A0F-B1E4-C2CB95A6C648}.Debug|Any CPU.Deploy.0 = Debug|Any CPU
		{06680845-064F-4A0F-B1E4-C2CB95A6C648}.Debug|ARM.ActiveCfg = Debug|ARM
		{06680845-064F-4A0F-B1E4-C2CB95A6C648}.Debug|ARM.Build.0 = Debug|ARM
		{06680845-064F-4A0F-B1E4-C2CB95A6C648}.Debug|ARM.Deploy.0 = Debug|ARM
		{06680845-064F-4A0F-B1E4-C2CB95A6C648}.Debug|iPhone.ActiveCfg = Debug|Any CPU
		{06680845-064F-4A0F-B1E4-C2CB95A6C648}.Debug|iPhone.Build.0 = Debug|Any CPU
		{06680845-064F-4A0F-B1E4-C2CB95A6C648}.Debug|iPhone.Deploy.0 = Debug|Any CPU
		{06680845-064F-4A0F-B1E4-C2CB95A6C648}.Debug|iPhoneSimulator.ActiveCfg = Debug|Any CPU
		{06680845-064F-4A0F-B1E4-C2CB95A6C648}.Debug|iPhoneSimulator.Build.0 = Debug|Any CPU
		{06680845-064F-4A0F-B1E4-C2CB95A6C648}.Debug|iPhoneSimulator.Deploy.0 = Debug|Any CPU
		{06680845-064F-4A0F-B1E4-C2CB95A6C648}.Debug|x64.ActiveCfg = Debug|x64
		{06680845-064F-4A0F-B1E4-C2CB95A6C648}.Debug|x64.Build.0 = Debug|x64
		{06680845-064F-4A0F-B1E4-C2CB95A6C648}.Debug|x64.Deploy.0 = Debug|x64
		{06680845-064F-4A0F-B1E4-C2CB95A6C648}.Debug|x86.ActiveCfg = Debug|x86
		{06680845-064F-4A0F-B1E4-C2CB95A6C648}.Debug|x86.Build.0 = Debug|x86
		{06680845-064F-4A0F-B1E4-C2CB95A6C648}.Debug|x86.Deploy.0 = Debug|x86
		{06680845-064F-4A0F-B1E4-C2CB95A6C648}.Release|Any CPU.ActiveCfg = Release|Any CPU
		{06680845-064F-4A0F-B1E4-C2CB95A6C648}.Release|Any CPU.Build.0 = Release|Any CPU
		{06680845-064F-4A0F-B1E4-C2CB95A6C648}.Release|Any CPU.Deploy.0 = Release|Any CPU
		{06680845-064F-4A0F-B1E4-C2CB95A6C648}.Release|ARM.ActiveCfg = Release|ARM
		{06680845-064F-4A0F-B1E4-C2CB95A6C648}.Release|ARM.Build.0 = Release|ARM
		{06680845-064F-4A0F-B1E4-C2CB95A6C648}.Release|ARM.Deploy.0 = Release|ARM
		{06680845-064F-4A0F-B1E4-C2CB95A6C648}.Release|iPhone.ActiveCfg = Release|Any CPU
		{06680845-064F-4A0F-B1E4-C2CB95A6C648}.Release|iPhone.Build.0 = Release|Any CPU
		{06680845-064F-4A0F-B1E4-C2CB95A6C648}.Release|iPhone.Deploy.0 = Release|Any CPU
		{06680845-064F-4A0F-B1E4-C2CB95A6C648}.Release|iPhoneSimulator.ActiveCfg = Release|Any CPU
		{06680845-064F-4A0F-B1E4-C2CB95A6C648}.Release|iPhoneSimulator.Build.0 = Release|Any CPU
		{06680845-064F-4A0F-B1E4-C2CB95A6C648}.Release|iPhoneSimulator.Deploy.0 = Release|Any CPU
		{06680845-064F-4A0F-B1E4-C2CB95A6C648}.Release|x64.ActiveCfg = Release|x64
		{06680845-064F-4A0F-B1E4-C2CB95A6C648}.Release|x64.Build.0 = Release|x64
		{06680845-064F-4A0F-B1E4-C2CB95A6C648}.Release|x64.Deploy.0 = Release|x64
		{06680845-064F-4A0F-B1E4-C2CB95A6C648}.Release|x86.ActiveCfg = Release|x86
		{06680845-064F-4A0F-B1E4-C2CB95A6C648}.Release|x86.Build.0 = Release|x86
		{06680845-064F-4A0F-B1E4-C2CB95A6C648}.Release|x86.Deploy.0 = Release|x86
		{78DCE321-527A-45FF-B3F8-AE9D3F8DDDD4}.Ad-Hoc|Any CPU.ActiveCfg = Release|Any CPU
		{78DCE321-527A-45FF-B3F8-AE9D3F8DDDD4}.Ad-Hoc|Any CPU.Build.0 = Release|Any CPU
		{78DCE321-527A-45FF-B3F8-AE9D3F8DDDD4}.Ad-Hoc|ARM.ActiveCfg = Release|Any CPU
		{78DCE321-527A-45FF-B3F8-AE9D3F8DDDD4}.Ad-Hoc|ARM.Build.0 = Release|Any CPU
		{78DCE321-527A-45FF-B3F8-AE9D3F8DDDD4}.Ad-Hoc|iPhone.ActiveCfg = Release|Any CPU
		{78DCE321-527A-45FF-B3F8-AE9D3F8DDDD4}.Ad-Hoc|iPhone.Build.0 = Release|Any CPU
		{78DCE321-527A-45FF-B3F8-AE9D3F8DDDD4}.Ad-Hoc|iPhoneSimulator.ActiveCfg = Release|Any CPU
		{78DCE321-527A-45FF-B3F8-AE9D3F8DDDD4}.Ad-Hoc|iPhoneSimulator.Build.0 = Release|Any CPU
		{78DCE321-527A-45FF-B3F8-AE9D3F8DDDD4}.Ad-Hoc|x64.ActiveCfg = Release|Any CPU
		{78DCE321-527A-45FF-B3F8-AE9D3F8DDDD4}.Ad-Hoc|x64.Build.0 = Release|Any CPU
		{78DCE321-527A-45FF-B3F8-AE9D3F8DDDD4}.Ad-Hoc|x86.ActiveCfg = Release|Any CPU
		{78DCE321-527A-45FF-B3F8-AE9D3F8DDDD4}.Ad-Hoc|x86.Build.0 = Release|Any CPU
		{78DCE321-527A-45FF-B3F8-AE9D3F8DDDD4}.AppStore|Any CPU.ActiveCfg = Release|Any CPU
		{78DCE321-527A-45FF-B3F8-AE9D3F8DDDD4}.AppStore|Any CPU.Build.0 = Release|Any CPU
		{78DCE321-527A-45FF-B3F8-AE9D3F8DDDD4}.AppStore|ARM.ActiveCfg = Release|Any CPU
		{78DCE321-527A-45FF-B3F8-AE9D3F8DDDD4}.AppStore|ARM.Build.0 = Release|Any CPU
		{78DCE321-527A-45FF-B3F8-AE9D3F8DDDD4}.AppStore|iPhone.ActiveCfg = Release|Any CPU
		{78DCE321-527A-45FF-B3F8-AE9D3F8DDDD4}.AppStore|iPhone.Build.0 = Release|Any CPU
		{78DCE321-527A-45FF-B3F8-AE9D3F8DDDD4}.AppStore|iPhoneSimulator.ActiveCfg = Release|Any CPU
		{78DCE321-527A-45FF-B3F8-AE9D3F8DDDD4}.AppStore|iPhoneSimulator.Build.0 = Release|Any CPU
		{78DCE321-527A-45FF-B3F8-AE9D3F8DDDD4}.AppStore|x64.ActiveCfg = Release|Any CPU
		{78DCE321-527A-45FF-B3F8-AE9D3F8DDDD4}.AppStore|x64.Build.0 = Release|Any CPU
		{78DCE321-527A-45FF-B3F8-AE9D3F8DDDD4}.AppStore|x86.ActiveCfg = Release|Any CPU
		{78DCE321-527A-45FF-B3F8-AE9D3F8DDDD4}.AppStore|x86.Build.0 = Release|Any CPU
		{78DCE321-527A-45FF-B3F8-AE9D3F8DDDD4}.Debug|Any CPU.ActiveCfg = Debug|Any CPU
		{78DCE321-527A-45FF-B3F8-AE9D3F8DDDD4}.Debug|Any CPU.Build.0 = Debug|Any CPU
		{78DCE321-527A-45FF-B3F8-AE9D3F8DDDD4}.Debug|ARM.ActiveCfg = Debug|Any CPU
		{78DCE321-527A-45FF-B3F8-AE9D3F8DDDD4}.Debug|ARM.Build.0 = Debug|Any CPU
		{78DCE321-527A-45FF-B3F8-AE9D3F8DDDD4}.Debug|iPhone.ActiveCfg = Debug|Any CPU
		{78DCE321-527A-45FF-B3F8-AE9D3F8DDDD4}.Debug|iPhone.Build.0 = Debug|Any CPU
		{78DCE321-527A-45FF-B3F8-AE9D3F8DDDD4}.Debug|iPhoneSimulator.ActiveCfg = Debug|Any CPU
		{78DCE321-527A-45FF-B3F8-AE9D3F8DDDD4}.Debug|iPhoneSimulator.Build.0 = Debug|Any CPU
		{78DCE321-527A-45FF-B3F8-AE9D3F8DDDD4}.Debug|x64.ActiveCfg = Debug|Any CPU
		{78DCE321-527A-45FF-B3F8-AE9D3F8DDDD4}.Debug|x64.Build.0 = Debug|Any CPU
		{78DCE321-527A-45FF-B3F8-AE9D3F8DDDD4}.Debug|x86.ActiveCfg = Debug|Any CPU
		{78DCE321-527A-45FF-B3F8-AE9D3F8DDDD4}.Debug|x86.Build.0 = Debug|Any CPU
		{78DCE321-527A-45FF-B3F8-AE9D3F8DDDD4}.Release|Any CPU.ActiveCfg = Release|Any CPU
		{78DCE321-527A-45FF-B3F8-AE9D3F8DDDD4}.Release|Any CPU.Build.0 = Release|Any CPU
		{78DCE321-527A-45FF-B3F8-AE9D3F8DDDD4}.Release|ARM.ActiveCfg = Release|Any CPU
		{78DCE321-527A-45FF-B3F8-AE9D3F8DDDD4}.Release|ARM.Build.0 = Release|Any CPU
		{78DCE321-527A-45FF-B3F8-AE9D3F8DDDD4}.Release|iPhone.ActiveCfg = Release|Any CPU
		{78DCE321-527A-45FF-B3F8-AE9D3F8DDDD4}.Release|iPhone.Build.0 = Release|Any CPU
		{78DCE321-527A-45FF-B3F8-AE9D3F8DDDD4}.Release|iPhoneSimulator.ActiveCfg = Release|Any CPU
		{78DCE321-527A-45FF-B3F8-AE9D3F8DDDD4}.Release|iPhoneSimulator.Build.0 = Release|Any CPU
		{78DCE321-527A-45FF-B3F8-AE9D3F8DDDD4}.Release|x64.ActiveCfg = Release|Any CPU
		{78DCE321-527A-45FF-B3F8-AE9D3F8DDDD4}.Release|x64.Build.0 = Release|Any CPU
		{78DCE321-527A-45FF-B3F8-AE9D3F8DDDD4}.Release|x86.ActiveCfg = Release|Any CPU
		{78DCE321-527A-45FF-B3F8-AE9D3F8DDDD4}.Release|x86.Build.0 = Release|Any CPU
	EndGlobalSection
	GlobalSection(SolutionProperties) = preSolution
		HideSolutionNode = FALSE
	EndGlobalSection
EndGlobal
